// !$*UTF8*$!
{
	archiveVersion = 1;
	classes = {
	};
	objectVersion = 51;
	objects = {

/* Begin PBXBuildFile section */
		04FC65CD6B41C4F43D1FA4BA /* Pods_3DTouchSumple_3DTouchSumpleUITests.framework in Frameworks */ = {isa = PBXBuildFile; fileRef = B0C6E60372B39C37F6448C2C /* Pods_3DTouchSumple_3DTouchSumpleUITests.framework */; };
		1A9B81F950C44B8E5B30E808 /* Pods_3DTouchSumpleTests.framework in Frameworks */ = {isa = PBXBuildFile; fileRef = 054789A19EF65CA22E04DBE6 /* Pods_3DTouchSumpleTests.framework */; };
		3DF11AF4264CE8F80042699F /* AppDelegate.swift in Sources */ = {isa = PBXBuildFile; fileRef = 3DF11AF3264CE8F80042699F /* AppDelegate.swift */; };
		3DF11AF6264CE8F80042699F /* SceneDelegate.swift in Sources */ = {isa = PBXBuildFile; fileRef = 3DF11AF5264CE8F80042699F /* SceneDelegate.swift */; };
		3DF11AF8264CE8F80042699F /* ViewController.swift in Sources */ = {isa = PBXBuildFile; fileRef = 3DF11AF7264CE8F80042699F /* ViewController.swift */; };
		3DF11AFB264CE8F80042699F /* Main.storyboard in Resources */ = {isa = PBXBuildFile; fileRef = 3DF11AF9264CE8F80042699F /* Main.storyboard */; };
		3DF11AFD264CE8FB0042699F /* Assets.xcassets in Resources */ = {isa = PBXBuildFile; fileRef = 3DF11AFC264CE8FB0042699F /* Assets.xcassets */; };
		3DF11B00264CE8FB0042699F /* LaunchScreen.storyboard in Resources */ = {isa = PBXBuildFile; fileRef = 3DF11AFE264CE8FB0042699F /* LaunchScreen.storyboard */; };
		3DF11B0B264CE8FB0042699F /* _DTouchSumpleTests.swift in Sources */ = {isa = PBXBuildFile; fileRef = 3DF11B0A264CE8FB0042699F /* _DTouchSumpleTests.swift */; };
		3DF11B16264CE8FB0042699F /* _DTouchSumpleUITests.swift in Sources */ = {isa = PBXBuildFile; fileRef = 3DF11B15264CE8FB0042699F /* _DTouchSumpleUITests.swift */; };
		66F570459D65B51C44F7E250 /* Pods_3DTouchSumple.framework in Frameworks */ = {isa = PBXBuildFile; fileRef = 837BD4ADDB733B81E6A635DF /* Pods_3DTouchSumple.framework */; };
/* End PBXBuildFile section */

/* Begin PBXContainerItemProxy section */
		3DF11B07264CE8FB0042699F /* PBXContainerItemProxy */ = {
			isa = PBXContainerItemProxy;
			containerPortal = 3DF11AE8264CE8F80042699F /* Project object */;
			proxyType = 1;
			remoteGlobalIDString = 3DF11AEF264CE8F80042699F;
			remoteInfo = 3DTouchSumple;
		};
		3DF11B12264CE8FB0042699F /* PBXContainerItemProxy */ = {
			isa = PBXContainerItemProxy;
			containerPortal = 3DF11AE8264CE8F80042699F /* Project object */;
			proxyType = 1;
			remoteGlobalIDString = 3DF11AEF264CE8F80042699F;
			remoteInfo = 3DTouchSumple;
		};
/* End PBXContainerItemProxy section */

/* Begin PBXFileReference section */
		054789A19EF65CA22E04DBE6 /* Pods_3DTouchSumpleTests.framework */ = {isa = PBXFileReference; explicitFileType = wrapper.framework; includeInIndex = 0; path = Pods_3DTouchSumpleTests.framework; sourceTree = BUILT_PRODUCTS_DIR; };
		3DF11AF0264CE8F80042699F /* 3DTouchSumple.app */ = {isa = PBXFileReference; explicitFileType = wrapper.application; includeInIndex = 0; path = 3DTouchSumple.app; sourceTree = BUILT_PRODUCTS_DIR; };
		3DF11AF3264CE8F80042699F /* AppDelegate.swift */ = {isa = PBXFileReference; lastKnownFileType = sourcecode.swift; path = AppDelegate.swift; sourceTree = "<group>"; };
		3DF11AF5264CE8F80042699F /* SceneDelegate.swift */ = {isa = PBXFileReference; lastKnownFileType = sourcecode.swift; path = SceneDelegate.swift; sourceTree = "<group>"; };
		3DF11AF7264CE8F80042699F /* ViewController.swift */ = {isa = PBXFileReference; lastKnownFileType = sourcecode.swift; path = ViewController.swift; sourceTree = "<group>"; };
		3DF11AFA264CE8F80042699F /* Base */ = {isa = PBXFileReference; lastKnownFileType = file.storyboard; name = Base; path = Base.lproj/Main.storyboard; sourceTree = "<group>"; };
		3DF11AFC264CE8FB0042699F /* Assets.xcassets */ = {isa = PBXFileReference; lastKnownFileType = folder.assetcatalog; path = Assets.xcassets; sourceTree = "<group>"; };
		3DF11AFF264CE8FB0042699F /* Base */ = {isa = PBXFileReference; lastKnownFileType = file.storyboard; name = Base; path = Base.lproj/LaunchScreen.storyboard; sourceTree = "<group>"; };
		3DF11B01264CE8FB0042699F /* Info.plist */ = {isa = PBXFileReference; lastKnownFileType = text.plist.xml; path = Info.plist; sourceTree = "<group>"; };
		3DF11B06264CE8FB0042699F /* 3DTouchSumpleTests.xctest */ = {isa = PBXFileReference; explicitFileType = wrapper.cfbundle; includeInIndex = 0; path = 3DTouchSumpleTests.xctest; sourceTree = BUILT_PRODUCTS_DIR; };
		3DF11B0A264CE8FB0042699F /* _DTouchSumpleTests.swift */ = {isa = PBXFileReference; lastKnownFileType = sourcecode.swift; path = _DTouchSumpleTests.swift; sourceTree = "<group>"; };
		3DF11B0C264CE8FB0042699F /* Info.plist */ = {isa = PBXFileReference; lastKnownFileType = text.plist.xml; path = Info.plist; sourceTree = "<group>"; };
		3DF11B11264CE8FB0042699F /* 3DTouchSumpleUITests.xctest */ = {isa = PBXFileReference; explicitFileType = wrapper.cfbundle; includeInIndex = 0; path = 3DTouchSumpleUITests.xctest; sourceTree = BUILT_PRODUCTS_DIR; };
		3DF11B15264CE8FB0042699F /* _DTouchSumpleUITests.swift */ = {isa = PBXFileReference; lastKnownFileType = sourcecode.swift; path = _DTouchSumpleUITests.swift; sourceTree = "<group>"; };
		3DF11B17264CE8FB0042699F /* Info.plist */ = {isa = PBXFileReference; lastKnownFileType = text.plist.xml; path = Info.plist; sourceTree = "<group>"; };
		400225329332A2186D9DF93F /* Pods-3DTouchSumpleTests.debug.xcconfig */ = {isa = PBXFileReference; includeInIndex = 1; lastKnownFileType = text.xcconfig; name = "Pods-3DTouchSumpleTests.debug.xcconfig"; path = "Target Support Files/Pods-3DTouchSumpleTests/Pods-3DTouchSumpleTests.debug.xcconfig"; sourceTree = "<group>"; };
		67040554043A073EF145CDDF /* Pods-3DTouchSumpleTests.release.xcconfig */ = {isa = PBXFileReference; includeInIndex = 1; lastKnownFileType = text.xcconfig; name = "Pods-3DTouchSumpleTests.release.xcconfig"; path = "Target Support Files/Pods-3DTouchSumpleTests/Pods-3DTouchSumpleTests.release.xcconfig"; sourceTree = "<group>"; };
		6B618D28604C732083AB58F0 /* Pods-3DTouchSumple-3DTouchSumpleUITests.debug.xcconfig */ = {isa = PBXFileReference; includeInIndex = 1; lastKnownFileType = text.xcconfig; name = "Pods-3DTouchSumple-3DTouchSumpleUITests.debug.xcconfig"; path = "Target Support Files/Pods-3DTouchSumple-3DTouchSumpleUITests/Pods-3DTouchSumple-3DTouchSumpleUITests.debug.xcconfig"; sourceTree = "<group>"; };
		837BD4ADDB733B81E6A635DF /* Pods_3DTouchSumple.framework */ = {isa = PBXFileReference; explicitFileType = wrapper.framework; includeInIndex = 0; path = Pods_3DTouchSumple.framework; sourceTree = BUILT_PRODUCTS_DIR; };
		A2BE4BADF4F35088718E0298 /* Pods-3DTouchSumple.release.xcconfig */ = {isa = PBXFileReference; includeInIndex = 1; lastKnownFileType = text.xcconfig; name = "Pods-3DTouchSumple.release.xcconfig"; path = "Target Support Files/Pods-3DTouchSumple/Pods-3DTouchSumple.release.xcconfig"; sourceTree = "<group>"; };
		B0C6E60372B39C37F6448C2C /* Pods_3DTouchSumple_3DTouchSumpleUITests.framework */ = {isa = PBXFileReference; explicitFileType = wrapper.framework; includeInIndex = 0; path = Pods_3DTouchSumple_3DTouchSumpleUITests.framework; sourceTree = BUILT_PRODUCTS_DIR; };
		B74559BB1E4DAEBECFF1943A /* Pods-3DTouchSumple-3DTouchSumpleUITests.release.xcconfig */ = {isa = PBXFileReference; includeInIndex = 1; lastKnownFileType = text.xcconfig; name = "Pods-3DTouchSumple-3DTouchSumpleUITests.release.xcconfig"; path = "Target Support Files/Pods-3DTouchSumple-3DTouchSumpleUITests/Pods-3DTouchSumple-3DTouchSumpleUITests.release.xcconfig"; sourceTree = "<group>"; };
		F5733F8393CDB6BFC752D5EB /* Pods-3DTouchSumple.debug.xcconfig */ = {isa = PBXFileReference; includeInIndex = 1; lastKnownFileType = text.xcconfig; name = "Pods-3DTouchSumple.debug.xcconfig"; path = "Target Support Files/Pods-3DTouchSumple/Pods-3DTouchSumple.debug.xcconfig"; sourceTree = "<group>"; };
/* End PBXFileReference section */

/* Begin PBXFrameworksBuildPhase section */
		3DF11AED264CE8F80042699F /* Frameworks */ = {
			isa = PBXFrameworksBuildPhase;
			buildActionMask = 2147483647;
			files = (
				66F570459D65B51C44F7E250 /* Pods_3DTouchSumple.framework in Frameworks */,
			);
			runOnlyForDeploymentPostprocessing = 0;
		};
		3DF11B03264CE8FB0042699F /* Frameworks */ = {
			isa = PBXFrameworksBuildPhase;
			buildActionMask = 2147483647;
			files = (
				1A9B81F950C44B8E5B30E808 /* Pods_3DTouchSumpleTests.framework in Frameworks */,
			);
			runOnlyForDeploymentPostprocessing = 0;
		};
		3DF11B0E264CE8FB0042699F /* Frameworks */ = {
			isa = PBXFrameworksBuildPhase;
			buildActionMask = 2147483647;
			files = (
				04FC65CD6B41C4F43D1FA4BA /* Pods_3DTouchSumple_3DTouchSumpleUITests.framework in Frameworks */,
			);
			runOnlyForDeploymentPostprocessing = 0;
		};
/* End PBXFrameworksBuildPhase section */

/* Begin PBXGroup section */
		3DF11AE7264CE8F80042699F = {
			isa = PBXGroup;
			children = (
				3DF11AF2264CE8F80042699F /* 3DTouchSumple */,
				3DF11B09264CE8FB0042699F /* 3DTouchSumpleTests */,
				3DF11B14264CE8FB0042699F /* 3DTouchSumpleUITests */,
				3DF11AF1264CE8F80042699F /* Products */,
				CADAC47F5E49262DEFA4809B /* Pods */,
				D3866D040D2C010B338F34A5 /* Frameworks */,
			);
			sourceTree = "<group>";
		};
		3DF11AF1264CE8F80042699F /* Products */ = {
			isa = PBXGroup;
			children = (
				3DF11AF0264CE8F80042699F /* 3DTouchSumple.app */,
				3DF11B06264CE8FB0042699F /* 3DTouchSumpleTests.xctest */,
				3DF11B11264CE8FB0042699F /* 3DTouchSumpleUITests.xctest */,
			);
			name = Products;
			sourceTree = "<group>";
		};
		3DF11AF2264CE8F80042699F /* 3DTouchSumple */ = {
			isa = PBXGroup;
			children = (
				3DF11AF3264CE8F80042699F /* AppDelegate.swift */,
				3DF11AF5264CE8F80042699F /* SceneDelegate.swift */,
				3DF11AF7264CE8F80042699F /* ViewController.swift */,
				3DF11AF9264CE8F80042699F /* Main.storyboard */,
				3DF11AFC264CE8FB0042699F /* Assets.xcassets */,
				3DF11AFE264CE8FB0042699F /* LaunchScreen.storyboard */,
				3DF11B01264CE8FB0042699F /* Info.plist */,
			);
			path = 3DTouchSumple;
			sourceTree = "<group>";
		};
		3DF11B09264CE8FB0042699F /* 3DTouchSumpleTests */ = {
			isa = PBXGroup;
			children = (
				3DF11B0A264CE8FB0042699F /* _DTouchSumpleTests.swift */,
				3DF11B0C264CE8FB0042699F /* Info.plist */,
			);
			path = 3DTouchSumpleTests;
			sourceTree = "<group>";
		};
		3DF11B14264CE8FB0042699F /* 3DTouchSumpleUITests */ = {
			isa = PBXGroup;
			children = (
				3DF11B15264CE8FB0042699F /* _DTouchSumpleUITests.swift */,
				3DF11B17264CE8FB0042699F /* Info.plist */,
			);
			path = 3DTouchSumpleUITests;
			sourceTree = "<group>";
		};
		CADAC47F5E49262DEFA4809B /* Pods */ = {
			isa = PBXGroup;
			children = (
				F5733F8393CDB6BFC752D5EB /* Pods-3DTouchSumple.debug.xcconfig */,
				A2BE4BADF4F35088718E0298 /* Pods-3DTouchSumple.release.xcconfig */,
				6B618D28604C732083AB58F0 /* Pods-3DTouchSumple-3DTouchSumpleUITests.debug.xcconfig */,
				B74559BB1E4DAEBECFF1943A /* Pods-3DTouchSumple-3DTouchSumpleUITests.release.xcconfig */,
				400225329332A2186D9DF93F /* Pods-3DTouchSumpleTests.debug.xcconfig */,
				67040554043A073EF145CDDF /* Pods-3DTouchSumpleTests.release.xcconfig */,
			);
			path = Pods;
			sourceTree = "<group>";
		};
		D3866D040D2C010B338F34A5 /* Frameworks */ = {
			isa = PBXGroup;
			children = (
				837BD4ADDB733B81E6A635DF /* Pods_3DTouchSumple.framework */,
				B0C6E60372B39C37F6448C2C /* Pods_3DTouchSumple_3DTouchSumpleUITests.framework */,
				054789A19EF65CA22E04DBE6 /* Pods_3DTouchSumpleTests.framework */,
			);
			name = Frameworks;
			sourceTree = "<group>";
		};
/* End PBXGroup section */

/* Begin PBXNativeTarget section */
		3DF11AEF264CE8F80042699F /* 3DTouchSumple */ = {
			isa = PBXNativeTarget;
			buildConfigurationList = 3DF11B1A264CE8FB0042699F /* Build configuration list for PBXNativeTarget "3DTouchSumple" */;
			buildPhases = (
				93289BC2977C421E66ABE5EB /* [CP] Check Pods Manifest.lock */,
				3DF11AEC264CE8F80042699F /* Sources */,
				3DF11AED264CE8F80042699F /* Frameworks */,
				3DF11AEE264CE8F80042699F /* Resources */,
				5139DE276FAC90736F41F45A /* [CP] Embed Pods Frameworks */,
			);
			buildRules = (
			);
			dependencies = (
			);
			name = 3DTouchSumple;
			productName = 3DTouchSumple;
			productReference = 3DF11AF0264CE8F80042699F /* 3DTouchSumple.app */;
			productType = "com.apple.product-type.application";
		};
		3DF11B05264CE8FB0042699F /* 3DTouchSumpleTests */ = {
			isa = PBXNativeTarget;
			buildConfigurationList = 3DF11B1D264CE8FB0042699F /* Build configuration list for PBXNativeTarget "3DTouchSumpleTests" */;
			buildPhases = (
				8866D711C5B1C91C979E7A4F /* [CP] Check Pods Manifest.lock */,
				3DF11B02264CE8FB0042699F /* Sources */,
				3DF11B03264CE8FB0042699F /* Frameworks */,
				3DF11B04264CE8FB0042699F /* Resources */,
			);
			buildRules = (
			);
			dependencies = (
				3DF11B08264CE8FB0042699F /* PBXTargetDependency */,
			);
			name = 3DTouchSumpleTests;
			productName = 3DTouchSumpleTests;
			productReference = 3DF11B06264CE8FB0042699F /* 3DTouchSumpleTests.xctest */;
			productType = "com.apple.product-type.bundle.unit-test";
		};
		3DF11B10264CE8FB0042699F /* 3DTouchSumpleUITests */ = {
			isa = PBXNativeTarget;
			buildConfigurationList = 3DF11B20264CE8FB0042699F /* Build configuration list for PBXNativeTarget "3DTouchSumpleUITests" */;
			buildPhases = (
				86CABB1DE950C507C4A7E291 /* [CP] Check Pods Manifest.lock */,
				3DF11B0D264CE8FB0042699F /* Sources */,
				3DF11B0E264CE8FB0042699F /* Frameworks */,
				3DF11B0F264CE8FB0042699F /* Resources */,
				58C3DE0D7F3B8519085C8CE6 /* [CP] Embed Pods Frameworks */,
			);
			buildRules = (
			);
			dependencies = (
				3DF11B13264CE8FB0042699F /* PBXTargetDependency */,
			);
			name = 3DTouchSumpleUITests;
			productName = 3DTouchSumpleUITests;
			productReference = 3DF11B11264CE8FB0042699F /* 3DTouchSumpleUITests.xctest */;
			productType = "com.apple.product-type.bundle.ui-testing";
		};
/* End PBXNativeTarget section */

/* Begin PBXProject section */
		3DF11AE8264CE8F80042699F /* Project object */ = {
			isa = PBXProject;
			attributes = {
				LastSwiftUpdateCheck = 1250;
				LastUpgradeCheck = 1250;
				TargetAttributes = {
					3DF11AEF264CE8F80042699F = {
						CreatedOnToolsVersion = 12.5;
					};
					3DF11B05264CE8FB0042699F = {
						CreatedOnToolsVersion = 12.5;
						TestTargetID = 3DF11AEF264CE8F80042699F;
					};
					3DF11B10264CE8FB0042699F = {
						CreatedOnToolsVersion = 12.5;
						TestTargetID = 3DF11AEF264CE8F80042699F;
					};
				};
			};
			buildConfigurationList = 3DF11AEB264CE8F80042699F /* Build configuration list for PBXProject "3DTouchSumple" */;
			compatibilityVersion = "Xcode 9.3";
			developmentRegion = en;
			hasScannedForEncodings = 0;
			knownRegions = (
				en,
				Base,
			);
			mainGroup = 3DF11AE7264CE8F80042699F;
			productRefGroup = 3DF11AF1264CE8F80042699F /* Products */;
			projectDirPath = "";
			projectRoot = "";
			targets = (
				3DF11AEF264CE8F80042699F /* 3DTouchSumple */,
				3DF11B05264CE8FB0042699F /* 3DTouchSumpleTests */,
				3DF11B10264CE8FB0042699F /* 3DTouchSumpleUITests */,
			);
		};
/* End PBXProject section */

/* Begin PBXResourcesBuildPhase section */
		3DF11AEE264CE8F80042699F /* Resources */ = {
			isa = PBXResourcesBuildPhase;
			buildActionMask = 2147483647;
			files = (
				3DF11B00264CE8FB0042699F /* LaunchScreen.storyboard in Resources */,
				3DF11AFD264CE8FB0042699F /* Assets.xcassets in Resources */,
				3DF11AFB264CE8F80042699F /* Main.storyboard in Resources */,
			);
			runOnlyForDeploymentPostprocessing = 0;
		};
		3DF11B04264CE8FB0042699F /* Resources */ = {
			isa = PBXResourcesBuildPhase;
			buildActionMask = 2147483647;
			files = (
			);
			runOnlyForDeploymentPostprocessing = 0;
		};
		3DF11B0F264CE8FB0042699F /* Resources */ = {
			isa = PBXResourcesBuildPhase;
			buildActionMask = 2147483647;
			files = (
			);
			runOnlyForDeploymentPostprocessing = 0;
		};
/* End PBXResourcesBuildPhase section */

/* Begin PBXShellScriptBuildPhase section */
		5139DE276FAC90736F41F45A /* [CP] Embed Pods Frameworks */ = {
			isa = PBXShellScriptBuildPhase;
			buildActionMask = 2147483647;
			files = (
			);
			inputFileListPaths = (
				"${PODS_ROOT}/Target Support Files/Pods-3DTouchSumple/Pods-3DTouchSumple-frameworks-${CONFIGURATION}-input-files.xcfilelist",
			);
			name = "[CP] Embed Pods Frameworks";
			outputFileListPaths = (
				"${PODS_ROOT}/Target Support Files/Pods-3DTouchSumple/Pods-3DTouchSumple-frameworks-${CONFIGURATION}-output-files.xcfilelist",
			);
			runOnlyForDeploymentPostprocessing = 0;
			shellPath = /bin/sh;
			shellScript = "\"${PODS_ROOT}/Target Support Files/Pods-3DTouchSumple/Pods-3DTouchSumple-frameworks.sh\"\n";
			showEnvVarsInLog = 0;
		};
		58C3DE0D7F3B8519085C8CE6 /* [CP] Embed Pods Frameworks */ = {
			isa = PBXShellScriptBuildPhase;
			buildActionMask = 2147483647;
			files = (
			);
			inputFileListPaths = (
				"${PODS_ROOT}/Target Support Files/Pods-3DTouchSumple-3DTouchSumpleUITests/Pods-3DTouchSumple-3DTouchSumpleUITests-frameworks-${CONFIGURATION}-input-files.xcfilelist",
			);
			name = "[CP] Embed Pods Frameworks";
			outputFileListPaths = (
				"${PODS_ROOT}/Target Support Files/Pods-3DTouchSumple-3DTouchSumpleUITests/Pods-3DTouchSumple-3DTouchSumpleUITests-frameworks-${CONFIGURATION}-output-files.xcfilelist",
			);
			runOnlyForDeploymentPostprocessing = 0;
			shellPath = /bin/sh;
			shellScript = "\"${PODS_ROOT}/Target Support Files/Pods-3DTouchSumple-3DTouchSumpleUITests/Pods-3DTouchSumple-3DTouchSumpleUITests-frameworks.sh\"\n";
			showEnvVarsInLog = 0;
		};
		86CABB1DE950C507C4A7E291 /* [CP] Check Pods Manifest.lock */ = {
			isa = PBXShellScriptBuildPhase;
			buildActionMask = 2147483647;
			files = (
			);
			inputFileListPaths = (
			);
			inputPaths = (
				"${PODS_PODFILE_DIR_PATH}/Podfile.lock",
				"${PODS_ROOT}/Manifest.lock",
			);
			name = "[CP] Check Pods Manifest.lock";
			outputFileListPaths = (
			);
			outputPaths = (
				"$(DERIVED_FILE_DIR)/Pods-3DTouchSumple-3DTouchSumpleUITests-checkManifestLockResult.txt",
			);
			runOnlyForDeploymentPostprocessing = 0;
			shellPath = /bin/sh;
			shellScript = "diff \"${PODS_PODFILE_DIR_PATH}/Podfile.lock\" \"${PODS_ROOT}/Manifest.lock\" > /dev/null\nif [ $? != 0 ] ; then\n    # print error to STDERR\n    echo \"error: The sandbox is not in sync with the Podfile.lock. Run 'pod install' or update your CocoaPods installation.\" >&2\n    exit 1\nfi\n# This output is used by Xcode 'outputs' to avoid re-running this script phase.\necho \"SUCCESS\" > \"${SCRIPT_OUTPUT_FILE_0}\"\n";
			showEnvVarsInLog = 0;
		};
		8866D711C5B1C91C979E7A4F /* [CP] Check Pods Manifest.lock */ = {
			isa = PBXShellScriptBuildPhase;
			buildActionMask = 2147483647;
			files = (
			);
			inputFileListPaths = (
			);
			inputPaths = (
				"${PODS_PODFILE_DIR_PATH}/Podfile.lock",
				"${PODS_ROOT}/Manifest.lock",
			);
			name = "[CP] Check Pods Manifest.lock";
			outputFileListPaths = (
			);
			outputPaths = (
				"$(DERIVED_FILE_DIR)/Pods-3DTouchSumpleTests-checkManifestLockResult.txt",
			);
			runOnlyForDeploymentPostprocessing = 0;
			shellPath = /bin/sh;
			shellScript = "diff \"${PODS_PODFILE_DIR_PATH}/Podfile.lock\" \"${PODS_ROOT}/Manifest.lock\" > /dev/null\nif [ $? != 0 ] ; then\n    # print error to STDERR\n    echo \"error: The sandbox is not in sync with the Podfile.lock. Run 'pod install' or update your CocoaPods installation.\" >&2\n    exit 1\nfi\n# This output is used by Xcode 'outputs' to avoid re-running this script phase.\necho \"SUCCESS\" > \"${SCRIPT_OUTPUT_FILE_0}\"\n";
			showEnvVarsInLog = 0;
		};
		93289BC2977C421E66ABE5EB /* [CP] Check Pods Manifest.lock */ = {
			isa = PBXShellScriptBuildPhase;
			buildActionMask = 2147483647;
			files = (
			);
			inputFileListPaths = (
			);
			inputPaths = (
				"${PODS_PODFILE_DIR_PATH}/Podfile.lock",
				"${PODS_ROOT}/Manifest.lock",
			);
			name = "[CP] Check Pods Manifest.lock";
			outputFileListPaths = (
			);
			outputPaths = (
				"$(DERIVED_FILE_DIR)/Pods-3DTouchSumple-checkManifestLockResult.txt",
			);
			runOnlyForDeploymentPostprocessing = 0;
			shellPath = /bin/sh;
			shellScript = "diff \"${PODS_PODFILE_DIR_PATH}/Podfile.lock\" \"${PODS_ROOT}/Manifest.lock\" > /dev/null\nif [ $? != 0 ] ; then\n    # print error to STDERR\n    echo \"error: The sandbox is not in sync with the Podfile.lock. Run 'pod install' or update your CocoaPods installation.\" >&2\n    exit 1\nfi\n# This output is used by Xcode 'outputs' to avoid re-running this script phase.\necho \"SUCCESS\" > \"${SCRIPT_OUTPUT_FILE_0}\"\n";
			showEnvVarsInLog = 0;
		};
/* End PBXShellScriptBuildPhase section */

/* Begin PBXSourcesBuildPhase section */
		3DF11AEC264CE8F80042699F /* Sources */ = {
			isa = PBXSourcesBuildPhase;
			buildActionMask = 2147483647;
			files = (
				3DF11AF8264CE8F80042699F /* ViewController.swift in Sources */,
				3DF11AF4264CE8F80042699F /* AppDelegate.swift in Sources */,
				3DF11AF6264CE8F80042699F /* SceneDelegate.swift in Sources */,
			);
			runOnlyForDeploymentPostprocessing = 0;
		};
		3DF11B02264CE8FB0042699F /* Sources */ = {
			isa = PBXSourcesBuildPhase;
			buildActionMask = 2147483647;
			files = (
				3DF11B0B264CE8FB0042699F /* _DTouchSumpleTests.swift in Sources */,
			);
			runOnlyForDeploymentPostprocessing = 0;
		};
		3DF11B0D264CE8FB0042699F /* Sources */ = {
			isa = PBXSourcesBuildPhase;
			buildActionMask = 2147483647;
			files = (
				3DF11B16264CE8FB0042699F /* _DTouchSumpleUITests.swift in Sources */,
			);
			runOnlyForDeploymentPostprocessing = 0;
		};
/* End PBXSourcesBuildPhase section */

/* Begin PBXTargetDependency section */
		3DF11B08264CE8FB0042699F /* PBXTargetDependency */ = {
			isa = PBXTargetDependency;
			target = 3DF11AEF264CE8F80042699F /* 3DTouchSumple */;
			targetProxy = 3DF11B07264CE8FB0042699F /* PBXContainerItemProxy */;
		};
		3DF11B13264CE8FB0042699F /* PBXTargetDependency */ = {
			isa = PBXTargetDependency;
			target = 3DF11AEF264CE8F80042699F /* 3DTouchSumple */;
			targetProxy = 3DF11B12264CE8FB0042699F /* PBXContainerItemProxy */;
		};
/* End PBXTargetDependency section */

/* Begin PBXVariantGroup section */
		3DF11AF9264CE8F80042699F /* Main.storyboard */ = {
			isa = PBXVariantGroup;
			children = (
				3DF11AFA264CE8F80042699F /* Base */,
			);
			name = Main.storyboard;
			sourceTree = "<group>";
		};
		3DF11AFE264CE8FB0042699F /* LaunchScreen.storyboard */ = {
			isa = PBXVariantGroup;
			children = (
				3DF11AFF264CE8FB0042699F /* Base */,
			);
			name = LaunchScreen.storyboard;
			sourceTree = "<group>";
		};
/* End PBXVariantGroup section */

/* Begin XCBuildConfiguration section */
		3DF11B18264CE8FB0042699F /* Debug */ = {
			isa = XCBuildConfiguration;
			buildSettings = {
				ALWAYS_SEARCH_USER_PATHS = NO;
				CLANG_ANALYZER_NONNULL = YES;
				CLANG_ANALYZER_NUMBER_OBJECT_CONVERSION = YES_AGGRESSIVE;
				CLANG_CXX_LANGUAGE_STANDARD = "gnu++14";
				CLANG_CXX_LIBRARY = "libc++";
				CLANG_ENABLE_MODULES = YES;
				CLANG_ENABLE_OBJC_ARC = YES;
				CLANG_ENABLE_OBJC_WEAK = YES;
				CLANG_WARN_BLOCK_CAPTURE_AUTORELEASING = YES;
				CLANG_WARN_BOOL_CONVERSION = YES;
				CLANG_WARN_COMMA = YES;
				CLANG_WARN_CONSTANT_CONVERSION = YES;
				CLANG_WARN_DEPRECATED_OBJC_IMPLEMENTATIONS = YES;
				CLANG_WARN_DIRECT_OBJC_ISA_USAGE = YES_ERROR;
				CLANG_WARN_DOCUMENTATION_COMMENTS = YES;
				CLANG_WARN_EMPTY_BODY = YES;
				CLANG_WARN_ENUM_CONVERSION = YES;
				CLANG_WARN_INFINITE_RECURSION = YES;
				CLANG_WARN_INT_CONVERSION = YES;
				CLANG_WARN_NON_LITERAL_NULL_CONVERSION = YES;
				CLANG_WARN_OBJC_IMPLICIT_RETAIN_SELF = YES;
				CLANG_WARN_OBJC_LITERAL_CONVERSION = YES;
				CLANG_WARN_OBJC_ROOT_CLASS = YES_ERROR;
				CLANG_WARN_QUOTED_INCLUDE_IN_FRAMEWORK_HEADER = YES;
				CLANG_WARN_RANGE_LOOP_ANALYSIS = YES;
				CLANG_WARN_STRICT_PROTOTYPES = YES;
				CLANG_WARN_SUSPICIOUS_MOVE = YES;
				CLANG_WARN_UNGUARDED_AVAILABILITY = YES_AGGRESSIVE;
				CLANG_WARN_UNREACHABLE_CODE = YES;
				CLANG_WARN__DUPLICATE_METHOD_MATCH = YES;
				COPY_PHASE_STRIP = NO;
				DEBUG_INFORMATION_FORMAT = dwarf;
				ENABLE_STRICT_OBJC_MSGSEND = YES;
				ENABLE_TESTABILITY = YES;
				GCC_C_LANGUAGE_STANDARD = gnu11;
				GCC_DYNAMIC_NO_PIC = NO;
				GCC_NO_COMMON_BLOCKS = YES;
				GCC_OPTIMIZATION_LEVEL = 0;
				GCC_PREPROCESSOR_DEFINITIONS = (
					"DEBUG=1",
					"$(inherited)",
				);
				GCC_WARN_64_TO_32_BIT_CONVERSION = YES;
				GCC_WARN_ABOUT_RETURN_TYPE = YES_ERROR;
				GCC_WARN_UNDECLARED_SELECTOR = YES;
				GCC_WARN_UNINITIALIZED_AUTOS = YES_AGGRESSIVE;
				GCC_WARN_UNUSED_FUNCTION = YES;
				GCC_WARN_UNUSED_VARIABLE = YES;
				IPHONEOS_DEPLOYMENT_TARGET = 14.5;
				MTL_ENABLE_DEBUG_INFO = INCLUDE_SOURCE;
				MTL_FAST_MATH = YES;
				ONLY_ACTIVE_ARCH = YES;
				SDKROOT = iphoneos;
				SWIFT_ACTIVE_COMPILATION_CONDITIONS = DEBUG;
				SWIFT_OPTIMIZATION_LEVEL = "-Onone";
			};
			name = Debug;
		};
		3DF11B19264CE8FB0042699F /* Release */ = {
			isa = XCBuildConfiguration;
			buildSettings = {
				ALWAYS_SEARCH_USER_PATHS = NO;
				CLANG_ANALYZER_NONNULL = YES;
				CLANG_ANALYZER_NUMBER_OBJECT_CONVERSION = YES_AGGRESSIVE;
				CLANG_CXX_LANGUAGE_STANDARD = "gnu++14";
				CLANG_CXX_LIBRARY = "libc++";
				CLANG_ENABLE_MODULES = YES;
				CLANG_ENABLE_OBJC_ARC = YES;
				CLANG_ENABLE_OBJC_WEAK = YES;
				CLANG_WARN_BLOCK_CAPTURE_AUTORELEASING = YES;
				CLANG_WARN_BOOL_CONVERSION = YES;
				CLANG_WARN_COMMA = YES;
				CLANG_WARN_CONSTANT_CONVERSION = YES;
				CLANG_WARN_DEPRECATED_OBJC_IMPLEMENTATIONS = YES;
				CLANG_WARN_DIRECT_OBJC_ISA_USAGE = YES_ERROR;
				CLANG_WARN_DOCUMENTATION_COMMENTS = YES;
				CLANG_WARN_EMPTY_BODY = YES;
				CLANG_WARN_ENUM_CONVERSION = YES;
				CLANG_WARN_INFINITE_RECURSION = YES;
				CLANG_WARN_INT_CONVERSION = YES;
				CLANG_WARN_NON_LITERAL_NULL_CONVERSION = YES;
				CLANG_WARN_OBJC_IMPLICIT_RETAIN_SELF = YES;
				CLANG_WARN_OBJC_LITERAL_CONVERSION = YES;
				CLANG_WARN_OBJC_ROOT_CLASS = YES_ERROR;
				CLANG_WARN_QUOTED_INCLUDE_IN_FRAMEWORK_HEADER = YES;
				CLANG_WARN_RANGE_LOOP_ANALYSIS = YES;
				CLANG_WARN_STRICT_PROTOTYPES = YES;
				CLANG_WARN_SUSPICIOUS_MOVE = YES;
				CLANG_WARN_UNGUARDED_AVAILABILITY = YES_AGGRESSIVE;
				CLANG_WARN_UNREACHABLE_CODE = YES;
				CLANG_WARN__DUPLICATE_METHOD_MATCH = YES;
				COPY_PHASE_STRIP = NO;
				DEBUG_INFORMATION_FORMAT = "dwarf-with-dsym";
				ENABLE_NS_ASSERTIONS = NO;
				ENABLE_STRICT_OBJC_MSGSEND = YES;
				GCC_C_LANGUAGE_STANDARD = gnu11;
				GCC_NO_COMMON_BLOCKS = YES;
				GCC_WARN_64_TO_32_BIT_CONVERSION = YES;
				GCC_WARN_ABOUT_RETURN_TYPE = YES_ERROR;
				GCC_WARN_UNDECLARED_SELECTOR = YES;
				GCC_WARN_UNINITIALIZED_AUTOS = YES_AGGRESSIVE;
				GCC_WARN_UNUSED_FUNCTION = YES;
				GCC_WARN_UNUSED_VARIABLE = YES;
				IPHONEOS_DEPLOYMENT_TARGET = 14.5;
				MTL_ENABLE_DEBUG_INFO = NO;
				MTL_FAST_MATH = YES;
				SDKROOT = iphoneos;
				SWIFT_COMPILATION_MODE = wholemodule;
				SWIFT_OPTIMIZATION_LEVEL = "-O";
				VALIDATE_PRODUCT = YES;
			};
			name = Release;
		};
		3DF11B1B264CE8FB0042699F /* Debug */ = {
			isa = XCBuildConfiguration;
			baseConfigurationReference = F5733F8393CDB6BFC752D5EB /* Pods-3DTouchSumple.debug.xcconfig */;
			buildSettings = {
				ASSETCATALOG_COMPILER_APPICON_NAME = AppIcon;
				ASSETCATALOG_COMPILER_GLOBAL_ACCENT_COLOR_NAME = AccentColor;
				CODE_SIGN_STYLE = Automatic;
				DEVELOPMENT_TEAM = L496FTQGL3;
				INFOPLIST_FILE = 3DTouchSumple/Info.plist;
				IPHONEOS_DEPLOYMENT_TARGET = 14.1;
				LD_RUNPATH_SEARCH_PATHS = (
					"$(inherited)",
					"@executable_path/Frameworks",
				);
				PRODUCT_BUNDLE_IDENTIFIER = "hoge.com.-DTouchSumple";
				PRODUCT_NAME = "$(TARGET_NAME)";
				SWIFT_VERSION = 5.0;
				TARGETED_DEVICE_FAMILY = "1,2";
			};
			name = Debug;
		};
		3DF11B1C264CE8FB0042699F /* Release */ = {
			isa = XCBuildConfiguration;
			baseConfigurationReference = A2BE4BADF4F35088718E0298 /* Pods-3DTouchSumple.release.xcconfig */;
			buildSettings = {
				ASSETCATALOG_COMPILER_APPICON_NAME = AppIcon;
				ASSETCATALOG_COMPILER_GLOBAL_ACCENT_COLOR_NAME = AccentColor;
				CODE_SIGN_STYLE = Automatic;
				DEVELOPMENT_TEAM = L496FTQGL3;
				INFOPLIST_FILE = 3DTouchSumple/Info.plist;
				IPHONEOS_DEPLOYMENT_TARGET = 14.1;
				LD_RUNPATH_SEARCH_PATHS = (
					"$(inherited)",
					"@executable_path/Frameworks",
				);
				PRODUCT_BUNDLE_IDENTIFIER = "hoge.com.-DTouchSumple";
				PRODUCT_NAME = "$(TARGET_NAME)";
				SWIFT_VERSION = 5.0;
				TARGETED_DEVICE_FAMILY = "1,2";
			};
			name = Release;
		};
		3DF11B1E264CE8FB0042699F /* Debug */ = {
			isa = XCBuildConfiguration;
			baseConfigurationReference = 400225329332A2186D9DF93F /* Pods-3DTouchSumpleTests.debug.xcconfig */;
			buildSettings = {
				ALWAYS_EMBED_SWIFT_STANDARD_LIBRARIES = YES;
				BUNDLE_LOADER = "$(TEST_HOST)";
				CODE_SIGN_STYLE = Automatic;
				DEVELOPMENT_TEAM = L496FTQGL3;
				INFOPLIST_FILE = 3DTouchSumpleTests/Info.plist;
				IPHONEOS_DEPLOYMENT_TARGET = 14.5;
				LD_RUNPATH_SEARCH_PATHS = (
					"$(inherited)",
					"@executable_path/Frameworks",
					"@loader_path/Frameworks",
				);
				PRODUCT_BUNDLE_IDENTIFIER = "hoge.com.-DTouchSumpleTests";
				PRODUCT_NAME = "$(TARGET_NAME)";
				SWIFT_VERSION = 5.0;
				TARGETED_DEVICE_FAMILY = "1,2";
				TEST_HOST = "$(BUILT_PRODUCTS_DIR)/3DTouchSumple.app/3DTouchSumple";
			};
			name = Debug;
		};
		3DF11B1F264CE8FB0042699F /* Release */ = {
			isa = XCBuildConfiguration;
			baseConfigurationReference = 67040554043A073EF145CDDF /* Pods-3DTouchSumpleTests.release.xcconfig */;
			buildSettings = {
				ALWAYS_EMBED_SWIFT_STANDARD_LIBRARIES = YES;
				BUNDLE_LOADER = "$(TEST_HOST)";
				CODE_SIGN_STYLE = Automatic;
				DEVELOPMENT_TEAM = L496FTQGL3;
				INFOPLIST_FILE = 3DTouchSumpleTests/Info.plist;
				IPHONEOS_DEPLOYMENT_TARGET = 14.5;
				LD_RUNPATH_SEARCH_PATHS = (
					"$(inherited)",
					"@executable_path/Frameworks",
					"@loader_path/Frameworks",
				);
				PRODUCT_BUNDLE_IDENTIFIER = "hoge.com.-DTouchSumpleTests";
				PRODUCT_NAME = "$(TARGET_NAME)";
				SWIFT_VERSION = 5.0;
				TARGETED_DEVICE_FAMILY = "1,2";
				TEST_HOST = "$(BUILT_PRODUCTS_DIR)/3DTouchSumple.app/3DTouchSumple";
			};
			name = Release;
		};
		3DF11B21264CE8FB0042699F /* Debug */ = {
			isa = XCBuildConfiguration;
			baseConfigurationReference = 6B618D28604C732083AB58F0 /* Pods-3DTouchSumple-3DTouchSumpleUITests.debug.xcconfig */;
			buildSettings = {
				ALWAYS_EMBED_SWIFT_STANDARD_LIBRARIES = YES;
				CODE_SIGN_STYLE = Automatic;
				DEVELOPMENT_TEAM = L496FTQGL3;
				INFOPLIST_FILE = 3DTouchSumpleUITests/Info.plist;
				LD_RUNPATH_SEARCH_PATHS = (
					"$(inherited)",
					"@executable_path/Frameworks",
					"@loader_path/Frameworks",
				);
				PRODUCT_BUNDLE_IDENTIFIER = "hoge.com.-DTouchSumpleUITests";
				PRODUCT_NAME = "$(TARGET_NAME)";
				SWIFT_VERSION = 5.0;
				TARGETED_DEVICE_FAMILY = "1,2";
				TEST_TARGET_NAME = 3DTouchSumple;
			};
			name = Debug;
		};
		3DF11B22264CE8FB0042699F /* Release */ = {
			isa = XCBuildConfiguration;
			baseConfigurationReference = B74559BB1E4DAEBECFF1943A /* Pods-3DTouchSumple-3DTouchSumpleUITests.release.xcconfig */;
			buildSettings = {
				ALWAYS_EMBED_SWIFT_STANDARD_LIBRARIES = YES;
				CODE_SIGN_STYLE = Automatic;
				DEVELOPMENT_TEAM = L496FTQGL3;
				INFOPLIST_FILE = 3DTouchSumpleUITests/Info.plist;
				LD_RUNPATH_SEARCH_PATHS = (
					"$(inherited)",
					"@executable_path/Frameworks",
					"@loader_path/Frameworks",
				);
				PRODUCT_BUNDLE_IDENTIFIER = "hoge.com.-DTouchSumpleUITests";
				PRODUCT_NAME = "$(TARGET_NAME)";
				SWIFT_VERSION = 5.0;
				TARGETED_DEVICE_FAMILY = "1,2";
				TEST_TARGET_NAME = 3DTouchSumple;
			};
			name = Release;
		};
/* End XCBuildConfiguration section */

/* Begin XCConfigurationList section */
		3DF11AEB264CE8F80042699F /* Build configuration list for PBXProject "3DTouchSumple" */ = {
			isa = XCConfigurationList;
			buildConfigurations = (
				3DF11B18264CE8FB0042699F /* Debug */,
				3DF11B19264CE8FB0042699F /* Release */,
			);
			defaultConfigurationIsVisible = 0;
			defaultConfigurationName = Release;
		};
		3DF11B1A264CE8FB0042699F /* Build configuration list for PBXNativeTarget "3DTouchSumple" */ = {
			isa = XCConfigurationList;
			buildConfigurations = (
				3DF11B1B264CE8FB0042699F /* Debug */,
				3DF11B1C264CE8FB0042699F /* Release */,
			);
			defaultConfigurationIsVisible = 0;
			defaultConfigurationName = Release;
		};
		3DF11B1D264CE8FB0042699F /* Build configuration list for PBXNativeTarget "3DTouchSumpleTests" */ = {
			isa = XCConfigurationList;
			buildConfigurations = (
				3DF11B1E264CE8FB0042699F /* Debug */,
				3DF11B1F264CE8FB0042699F /* Release */,
			);
			defaultConfigurationIsVisible = 0;
			defaultConfigurationName = Release;
		};
		3DF11B20264CE8FB0042699F /* Build configuration list for PBXNativeTarget "3DTouchSumpleUITests" */ = {
			isa = XCConfigurationList;
			buildConfigurations = (
				3DF11B21264CE8FB0042699F /* Debug */,
				3DF11B22264CE8FB0042699F /* Release */,
			);
			defaultConfigurationIsVisible = 0;
			defaultConfigurationName = Release;
		};
/* End XCConfigurationList section */
	};
	rootObject = 3DF11AE8264CE8F80042699F /* Project object */;
}
